// !$*UTF8*$!
{
	archiveVersion = 1;
	classes = {
	};
	objectVersion = 46;
	objects = {

/* Begin PBXBuildFile section */
		019FC1581C09620300956B9C /* main.m in Sources */ = {isa = PBXBuildFile; fileRef = 019FC1571C09620300956B9C /* main.m */; };
		019FC15B1C09620300956B9C /* AppDelegate.m in Sources */ = {isa = PBXBuildFile; fileRef = 019FC15A1C09620300956B9C /* AppDelegate.m */; };
		019FC15E1C09620300956B9C /* ViewController.m in Sources */ = {isa = PBXBuildFile; fileRef = 019FC15D1C09620300956B9C /* ViewController.m */; };
		019FC1611C09620300956B9C /* Main.storyboard in Resources */ = {isa = PBXBuildFile; fileRef = 019FC15F1C09620300956B9C /* Main.storyboard */; };
		019FC1631C09620300956B9C /* Assets.xcassets in Resources */ = {isa = PBXBuildFile; fileRef = 019FC1621C09620300956B9C /* Assets.xcassets */; };
		019FC1661C09620300956B9C /* LaunchScreen.storyboard in Resources */ = {isa = PBXBuildFile; fileRef = 019FC1641C09620300956B9C /* LaunchScreen.storyboard */; };
		019FC1711C09620300956B9C /* WATTests.m in Sources */ = {isa = PBXBuildFile; fileRef = 019FC1701C09620300956B9C /* WATTests.m */; };
		019FC17C1C09620300956B9C /* WATUITests.m in Sources */ = {isa = PBXBuildFile; fileRef = 019FC17B1C09620300956B9C /* WATUITests.m */; };
		019FC18A1C098D1700956B9C /* libc++.tbd in Frameworks */ = {isa = PBXBuildFile; fileRef = 019FC1891C098D1700956B9C /* libc++.tbd */; };
		019FC18C1C098D2000956B9C /* libicucore.tbd in Frameworks */ = {isa = PBXBuildFile; fileRef = 019FC18B1C098D2000956B9C /* libicucore.tbd */; };
		019FC18E1C098D2700956B9C /* Security.framework in Frameworks */ = {isa = PBXBuildFile; fileRef = 019FC18D1C098D2700956B9C /* Security.framework */; };
		019FC1901C098D3100956B9C /* CFNetwork.framework in Frameworks */ = {isa = PBXBuildFile; fileRef = 019FC18F1C098D3100956B9C /* CFNetwork.framework */; };
		019FC1921C098D3B00956B9C /* GLKit.framework in Frameworks */ = {isa = PBXBuildFile; fileRef = 019FC1911C098D3B00956B9C /* GLKit.framework */; };
		019FC1941C098D4D00956B9C /* libstdc++.6.tbd in Frameworks */ = {isa = PBXBuildFile; fileRef = 019FC1931C098D4D00956B9C /* libstdc++.6.tbd */; };
		019FC1961C098D5500956B9C /* AudioToolbox.framework in Frameworks */ = {isa = PBXBuildFile; fileRef = 019FC1951C098D5500956B9C /* AudioToolbox.framework */; };
		019FC1981C098D5B00956B9C /* AVFoundation.framework in Frameworks */ = {isa = PBXBuildFile; fileRef = 019FC1971C098D5B00956B9C /* AVFoundation.framework */; };
		019FC19A1C098D6700956B9C /* CoreAudio.framework in Frameworks */ = {isa = PBXBuildFile; fileRef = 019FC1991C098D6700956B9C /* CoreAudio.framework */; };
		019FC19C1C098D7000956B9C /* CoreMedia.framework in Frameworks */ = {isa = PBXBuildFile; fileRef = 019FC19B1C098D7000956B9C /* CoreMedia.framework */; };
		019FC19E1C098D7800956B9C /* CoreVideo.framework in Frameworks */ = {isa = PBXBuildFile; fileRef = 019FC19D1C098D7800956B9C /* CoreVideo.framework */; };
		019FC1A01C098D7F00956B9C /* CoreGraphics.framework in Frameworks */ = {isa = PBXBuildFile; fileRef = 019FC19F1C098D7F00956B9C /* CoreGraphics.framework */; };
		019FC1A21C098D8600956B9C /* OpenGLES.framework in Frameworks */ = {isa = PBXBuildFile; fileRef = 019FC1A11C098D8600956B9C /* OpenGLES.framework */; };
		019FC1A41C098D8C00956B9C /* QuartzCore.framework in Frameworks */ = {isa = PBXBuildFile; fileRef = 019FC1A31C098D8C00956B9C /* QuartzCore.framework */; };
		019FC1A61C098D9C00956B9C /* libsqlite3.tbd in Frameworks */ = {isa = PBXBuildFile; fileRef = 019FC1A51C098D9C00956B9C /* libsqlite3.tbd */; };
		019FC1B51C09A88A00956B9C /* JSON-Framework in Resources */ = {isa = PBXBuildFile; fileRef = 019FC1A81C09A88A00956B9C /* JSON-Framework */; };
		019FC1B61C09A88A00956B9C /* SocketIO.m in Sources */ = {isa = PBXBuildFile; fileRef = 019FC1AA1C09A88A00956B9C /* SocketIO.m */; };
		019FC1B71C09A88A00956B9C /* SocketIOJSONSerialization.m in Sources */ = {isa = PBXBuildFile; fileRef = 019FC1AC1C09A88A00956B9C /* SocketIOJSONSerialization.m */; };
		019FC1B81C09A88A00956B9C /* SocketIOPacket.m in Sources */ = {isa = PBXBuildFile; fileRef = 019FC1AE1C09A88A00956B9C /* SocketIOPacket.m */; };
		019FC1B91C09A88A00956B9C /* SocketIOTransportWebsocket.m in Sources */ = {isa = PBXBuildFile; fileRef = 019FC1B11C09A88A00956B9C /* SocketIOTransportWebsocket.m */; };
		019FC1BA1C09A88A00956B9C /* SocketIOTransportXHR.m in Sources */ = {isa = PBXBuildFile; fileRef = 019FC1B31C09A88A00956B9C /* SocketIOTransportXHR.m */; };
		019FC1CD1C09AC6500956B9C /* base64.c in Sources */ = {isa = PBXBuildFile; fileRef = 019FC1C61C09AC6500956B9C /* base64.c */; };
		019FC1CE1C09AC6500956B9C /* NSData+SRB64Additions.m in Sources */ = {isa = PBXBuildFile; fileRef = 019FC1C91C09AC6500956B9C /* NSData+SRB64Additions.m */; };
		019FC1CF1C09AC6500956B9C /* SRWebSocket.m in Sources */ = {isa = PBXBuildFile; fileRef = 019FC1CC1C09AC6500956B9C /* SRWebSocket.m */; };
		019FC1F31C0A124600956B9C /* RTCAudioSource.h in Headers */ = {isa = PBXBuildFile; fileRef = 019FC1D11C09CE8500956B9C /* RTCAudioSource.h */; };
		019FC1F41C0A124600956B9C /* RTCAudioTrack.h in Headers */ = {isa = PBXBuildFile; fileRef = 019FC1D21C09CE8500956B9C /* RTCAudioTrack.h */; };
		019FC1F51C0A124600956B9C /* RTCAVFoundationVideoSource.h in Headers */ = {isa = PBXBuildFile; fileRef = 019FC1D31C09CE8500956B9C /* RTCAVFoundationVideoSource.h */; };
		019FC1F61C0A124600956B9C /* RTCDataChannel.h in Headers */ = {isa = PBXBuildFile; fileRef = 019FC1D41C09CE8500956B9C /* RTCDataChannel.h */; };
		019FC1F71C0A124600956B9C /* RTCEAGLVideoView.h in Headers */ = {isa = PBXBuildFile; fileRef = 019FC1D51C09CE8500956B9C /* RTCEAGLVideoView.h */; };
		019FC1F81C0A124600956B9C /* RTCFileLogger.h in Headers */ = {isa = PBXBuildFile; fileRef = 019FC1D61C09CE8500956B9C /* RTCFileLogger.h */; };
		019FC1F91C0A124600956B9C /* RTCI420Frame.h in Headers */ = {isa = PBXBuildFile; fileRef = 019FC1D71C09CE8500956B9C /* RTCI420Frame.h */; };
		019FC1FA1C0A124600956B9C /* RTCICECandidate.h in Headers */ = {isa = PBXBuildFile; fileRef = 019FC1D81C09CE8500956B9C /* RTCICECandidate.h */; };
		019FC1FB1C0A124600956B9C /* RTCICEServer.h in Headers */ = {isa = PBXBuildFile; fileRef = 019FC1D91C09CE8500956B9C /* RTCICEServer.h */; };
		019FC1FC1C0A124600956B9C /* RTCLogging.h in Headers */ = {isa = PBXBuildFile; fileRef = 019FC1DA1C09CE8500956B9C /* RTCLogging.h */; };
		019FC1FD1C0A124600956B9C /* RTCMediaConstraints.h in Headers */ = {isa = PBXBuildFile; fileRef = 019FC1DB1C09CE8500956B9C /* RTCMediaConstraints.h */; };
		019FC1FE1C0A124600956B9C /* RTCMediaSource.h in Headers */ = {isa = PBXBuildFile; fileRef = 019FC1DC1C09CE8500956B9C /* RTCMediaSource.h */; };
		019FC1FF1C0A124600956B9C /* RTCMediaStream.h in Headers */ = {isa = PBXBuildFile; fileRef = 019FC1DD1C09CE8500956B9C /* RTCMediaStream.h */; };
		019FC2001C0A124700956B9C /* RTCMediaStreamTrack.h in Headers */ = {isa = PBXBuildFile; fileRef = 019FC1DE1C09CE8500956B9C /* RTCMediaStreamTrack.h */; };
		019FC2011C0A124700956B9C /* RTCNSGLVideoView.h in Headers */ = {isa = PBXBuildFile; fileRef = 019FC1DF1C09CE8500956B9C /* RTCNSGLVideoView.h */; };
		019FC2021C0A124700956B9C /* RTCOpenGLVideoRenderer.h in Headers */ = {isa = PBXBuildFile; fileRef = 019FC1E01C09CE8500956B9C /* RTCOpenGLVideoRenderer.h */; };
		019FC2031C0A124700956B9C /* RTCPair.h in Headers */ = {isa = PBXBuildFile; fileRef = 019FC1E11C09CE8500956B9C /* RTCPair.h */; settings = {ATTRIBUTES = (Public, ); }; };
		019FC2041C0A124700956B9C /* RTCPeerConnection.h in Headers */ = {isa = PBXBuildFile; fileRef = 019FC1E21C09CE8500956B9C /* RTCPeerConnection.h */; };
		019FC2051C0A124700956B9C /* RTCPeerConnectionDelegate.h in Headers */ = {isa = PBXBuildFile; fileRef = 019FC1E31C09CE8500956B9C /* RTCPeerConnectionDelegate.h */; };
		019FC2061C0A124700956B9C /* RTCPeerConnectionFactory.h in Headers */ = {isa = PBXBuildFile; fileRef = 019FC1E41C09CE8500956B9C /* RTCPeerConnectionFactory.h */; };
		019FC2071C0A124700956B9C /* RTCPeerConnectionInterface.h in Headers */ = {isa = PBXBuildFile; fileRef = 019FC1E51C09CE8500956B9C /* RTCPeerConnectionInterface.h */; };
		019FC2081C0A124700956B9C /* RTCSessionDescription.h in Headers */ = {isa = PBXBuildFile; fileRef = 019FC1E61C09CE8500956B9C /* RTCSessionDescription.h */; };
		019FC2091C0A124700956B9C /* RTCStatsDelegate.h in Headers */ = {isa = PBXBuildFile; fileRef = 019FC1E81C09CE8500956B9C /* RTCStatsDelegate.h */; };
		019FC20A1C0A124700956B9C /* RTCStatsReport.h in Headers */ = {isa = PBXBuildFile; fileRef = 019FC1E91C09CE8500956B9C /* RTCStatsReport.h */; };
		019FC20B1C0A124700956B9C /* RTCTypes.h in Headers */ = {isa = PBXBuildFile; fileRef = 019FC1EA1C09CE8500956B9C /* RTCTypes.h */; };
		019FC20C1C0A124700956B9C /* RTCVideoCapturer.h in Headers */ = {isa = PBXBuildFile; fileRef = 019FC1EB1C09CE8500956B9C /* RTCVideoCapturer.h */; };
		019FC20D1C0A124700956B9C /* RTCVideoRenderer.h in Headers */ = {isa = PBXBuildFile; fileRef = 019FC1EC1C09CE8500956B9C /* RTCVideoRenderer.h */; };
		019FC20E1C0A124700956B9C /* RTCVideoSource.h in Headers */ = {isa = PBXBuildFile; fileRef = 019FC1ED1C09CE8500956B9C /* RTCVideoSource.h */; };
		019FC20F1C0A124700956B9C /* RTCVideoTrack.h in Headers */ = {isa = PBXBuildFile; fileRef = 019FC1EE1C09CE8500956B9C /* RTCVideoTrack.h */; };
		019FC2111C0A130C00956B9C /* AppDelegate.h in Headers */ = {isa = PBXBuildFile; fileRef = 019FC1591C09620300956B9C /* AppDelegate.h */; };
		019FC2321C0A2AC800956B9C /* libWebRTC.a in Frameworks */ = {isa = PBXBuildFile; fileRef = 019FC1EF1C09CEF700956B9C /* libWebRTC.a */; };
		019FC2391C0A775100956B9C /* RTCSessionDescriptionDelegate.h in Headers */ = {isa = PBXBuildFile; fileRef = 019FC2371C0A76B600956B9C /* RTCSessionDescriptionDelegate.h */; };
/* End PBXBuildFile section */

/* Begin PBXContainerItemProxy section */
		019FC16D1C09620300956B9C /* PBXContainerItemProxy */ = {
			isa = PBXContainerItemProxy;
			containerPortal = 019FC14B1C09620300956B9C /* Project object */;
			proxyType = 1;
			remoteGlobalIDString = 019FC1521C09620300956B9C;
			remoteInfo = WAT;
		};
		019FC1781C09620300956B9C /* PBXContainerItemProxy */ = {
			isa = PBXContainerItemProxy;
			containerPortal = 019FC14B1C09620300956B9C /* Project object */;
			proxyType = 1;
			remoteGlobalIDString = 019FC1521C09620300956B9C;
			remoteInfo = WAT;
		};
/* End PBXContainerItemProxy section */

/* Begin PBXCopyFilesBuildPhase section */
		019FC1F11C0A122E00956B9C /* CopyFiles */ = {
			isa = PBXCopyFilesBuildPhase;
			buildActionMask = 2147483647;
			dstPath = "";
			dstSubfolderSpec = 7;
			files = (
			);
			runOnlyForDeploymentPostprocessing = 0;
		};
		019FC2311C0A2A4800956B9C /* CopyFiles */ = {
			isa = PBXCopyFilesBuildPhase;
			buildActionMask = 2147483647;
			dstPath = "";
			dstSubfolderSpec = 7;
			files = (
			);
			runOnlyForDeploymentPostprocessing = 0;
		};
/* End PBXCopyFilesBuildPhase section */

/* Begin PBXFileReference section */
		019FC1531C09620300956B9C /* WAT.app */ = {isa = PBXFileReference; explicitFileType = wrapper.application; includeInIndex = 0; path = WAT.app; sourceTree = BUILT_PRODUCTS_DIR; };
		019FC1571C09620300956B9C /* main.m */ = {isa = PBXFileReference; lastKnownFileType = sourcecode.c.objc; path = main.m; sourceTree = "<group>"; };
		019FC1591C09620300956B9C /* AppDelegate.h */ = {isa = PBXFileReference; lastKnownFileType = sourcecode.c.h; path = AppDelegate.h; sourceTree = "<group>"; };
		019FC15A1C09620300956B9C /* AppDelegate.m */ = {isa = PBXFileReference; lastKnownFileType = sourcecode.c.objc; path = AppDelegate.m; sourceTree = "<group>"; };
		019FC15C1C09620300956B9C /* ViewController.h */ = {isa = PBXFileReference; lastKnownFileType = sourcecode.c.h; path = ViewController.h; sourceTree = "<group>"; };
		019FC15D1C09620300956B9C /* ViewController.m */ = {isa = PBXFileReference; lastKnownFileType = sourcecode.c.objc; path = ViewController.m; sourceTree = "<group>"; };
		019FC1601C09620300956B9C /* Base */ = {isa = PBXFileReference; lastKnownFileType = file.storyboard; name = Base; path = Base.lproj/Main.storyboard; sourceTree = "<group>"; };
		019FC1621C09620300956B9C /* Assets.xcassets */ = {isa = PBXFileReference; lastKnownFileType = folder.assetcatalog; path = Assets.xcassets; sourceTree = "<group>"; };
		019FC1651C09620300956B9C /* Base */ = {isa = PBXFileReference; lastKnownFileType = file.storyboard; name = Base; path = Base.lproj/LaunchScreen.storyboard; sourceTree = "<group>"; };
		019FC1671C09620300956B9C /* Info.plist */ = {isa = PBXFileReference; lastKnownFileType = text.plist.xml; path = Info.plist; sourceTree = "<group>"; };
		019FC16C1C09620300956B9C /* WATTests.xctest */ = {isa = PBXFileReference; explicitFileType = wrapper.cfbundle; includeInIndex = 0; path = WATTests.xctest; sourceTree = BUILT_PRODUCTS_DIR; };
		019FC1701C09620300956B9C /* WATTests.m */ = {isa = PBXFileReference; lastKnownFileType = sourcecode.c.objc; path = WATTests.m; sourceTree = "<group>"; };
		019FC1721C09620300956B9C /* Info.plist */ = {isa = PBXFileReference; lastKnownFileType = text.plist.xml; path = Info.plist; sourceTree = "<group>"; };
		019FC1771C09620300956B9C /* WATUITests.xctest */ = {isa = PBXFileReference; explicitFileType = wrapper.cfbundle; includeInIndex = 0; path = WATUITests.xctest; sourceTree = BUILT_PRODUCTS_DIR; };
		019FC17B1C09620300956B9C /* WATUITests.m */ = {isa = PBXFileReference; lastKnownFileType = sourcecode.c.objc; path = WATUITests.m; sourceTree = "<group>"; };
		019FC17D1C09620300956B9C /* Info.plist */ = {isa = PBXFileReference; lastKnownFileType = text.plist.xml; path = Info.plist; sourceTree = "<group>"; };
		019FC1891C098D1700956B9C /* libc++.tbd */ = {isa = PBXFileReference; lastKnownFileType = "sourcecode.text-based-dylib-definition"; name = "libc++.tbd"; path = "usr/lib/libc++.tbd"; sourceTree = SDKROOT; };
		019FC18B1C098D2000956B9C /* libicucore.tbd */ = {isa = PBXFileReference; lastKnownFileType = "sourcecode.text-based-dylib-definition"; name = libicucore.tbd; path = usr/lib/libicucore.tbd; sourceTree = SDKROOT; };
		019FC18D1C098D2700956B9C /* Security.framework */ = {isa = PBXFileReference; lastKnownFileType = wrapper.framework; name = Security.framework; path = System/Library/Frameworks/Security.framework; sourceTree = SDKROOT; };
		019FC18F1C098D3100956B9C /* CFNetwork.framework */ = {isa = PBXFileReference; lastKnownFileType = wrapper.framework; name = CFNetwork.framework; path = System/Library/Frameworks/CFNetwork.framework; sourceTree = SDKROOT; };
		019FC1911C098D3B00956B9C /* GLKit.framework */ = {isa = PBXFileReference; lastKnownFileType = wrapper.framework; name = GLKit.framework; path = System/Library/Frameworks/GLKit.framework; sourceTree = SDKROOT; };
		019FC1931C098D4D00956B9C /* libstdc++.6.tbd */ = {isa = PBXFileReference; lastKnownFileType = "sourcecode.text-based-dylib-definition"; name = "libstdc++.6.tbd"; path = "usr/lib/libstdc++.6.tbd"; sourceTree = SDKROOT; };
		019FC1951C098D5500956B9C /* AudioToolbox.framework */ = {isa = PBXFileReference; lastKnownFileType = wrapper.framework; name = AudioToolbox.framework; path = System/Library/Frameworks/AudioToolbox.framework; sourceTree = SDKROOT; };
		019FC1971C098D5B00956B9C /* AVFoundation.framework */ = {isa = PBXFileReference; lastKnownFileType = wrapper.framework; name = AVFoundation.framework; path = System/Library/Frameworks/AVFoundation.framework; sourceTree = SDKROOT; };
		019FC1991C098D6700956B9C /* CoreAudio.framework */ = {isa = PBXFileReference; lastKnownFileType = wrapper.framework; name = CoreAudio.framework; path = System/Library/Frameworks/CoreAudio.framework; sourceTree = SDKROOT; };
		019FC19B1C098D7000956B9C /* CoreMedia.framework */ = {isa = PBXFileReference; lastKnownFileType = wrapper.framework; name = CoreMedia.framework; path = System/Library/Frameworks/CoreMedia.framework; sourceTree = SDKROOT; };
		019FC19D1C098D7800956B9C /* CoreVideo.framework */ = {isa = PBXFileReference; lastKnownFileType = wrapper.framework; name = CoreVideo.framework; path = System/Library/Frameworks/CoreVideo.framework; sourceTree = SDKROOT; };
		019FC19F1C098D7F00956B9C /* CoreGraphics.framework */ = {isa = PBXFileReference; lastKnownFileType = wrapper.framework; name = CoreGraphics.framework; path = System/Library/Frameworks/CoreGraphics.framework; sourceTree = SDKROOT; };
		019FC1A11C098D8600956B9C /* OpenGLES.framework */ = {isa = PBXFileReference; lastKnownFileType = wrapper.framework; name = OpenGLES.framework; path = System/Library/Frameworks/OpenGLES.framework; sourceTree = SDKROOT; };
		019FC1A31C098D8C00956B9C /* QuartzCore.framework */ = {isa = PBXFileReference; lastKnownFileType = wrapper.framework; name = QuartzCore.framework; path = System/Library/Frameworks/QuartzCore.framework; sourceTree = SDKROOT; };
		019FC1A51C098D9C00956B9C /* libsqlite3.tbd */ = {isa = PBXFileReference; lastKnownFileType = "sourcecode.text-based-dylib-definition"; name = libsqlite3.tbd; path = usr/lib/libsqlite3.tbd; sourceTree = SDKROOT; };
		019FC1A81C09A88A00956B9C /* JSON-Framework */ = {isa = PBXFileReference; lastKnownFileType = folder; path = "JSON-Framework"; sourceTree = "<group>"; };
		019FC1A91C09A88A00956B9C /* SocketIO.h */ = {isa = PBXFileReference; fileEncoding = 4; lastKnownFileType = sourcecode.c.h; path = SocketIO.h; sourceTree = "<group>"; };
		019FC1AA1C09A88A00956B9C /* SocketIO.m */ = {isa = PBXFileReference; fileEncoding = 4; lastKnownFileType = sourcecode.c.objc; path = SocketIO.m; sourceTree = "<group>"; };
		019FC1AB1C09A88A00956B9C /* SocketIOJSONSerialization.h */ = {isa = PBXFileReference; fileEncoding = 4; lastKnownFileType = sourcecode.c.h; path = SocketIOJSONSerialization.h; sourceTree = "<group>"; };
		019FC1AC1C09A88A00956B9C /* SocketIOJSONSerialization.m */ = {isa = PBXFileReference; fileEncoding = 4; lastKnownFileType = sourcecode.c.objc; path = SocketIOJSONSerialization.m; sourceTree = "<group>"; };
		019FC1AD1C09A88A00956B9C /* SocketIOPacket.h */ = {isa = PBXFileReference; fileEncoding = 4; lastKnownFileType = sourcecode.c.h; path = SocketIOPacket.h; sourceTree = "<group>"; };
		019FC1AE1C09A88A00956B9C /* SocketIOPacket.m */ = {isa = PBXFileReference; fileEncoding = 4; lastKnownFileType = sourcecode.c.objc; path = SocketIOPacket.m; sourceTree = "<group>"; };
		019FC1AF1C09A88A00956B9C /* SocketIOTransport.h */ = {isa = PBXFileReference; fileEncoding = 4; lastKnownFileType = sourcecode.c.h; path = SocketIOTransport.h; sourceTree = "<group>"; };
		019FC1B01C09A88A00956B9C /* SocketIOTransportWebsocket.h */ = {isa = PBXFileReference; fileEncoding = 4; lastKnownFileType = sourcecode.c.h; path = SocketIOTransportWebsocket.h; sourceTree = "<group>"; };
		019FC1B11C09A88A00956B9C /* SocketIOTransportWebsocket.m */ = {isa = PBXFileReference; fileEncoding = 4; lastKnownFileType = sourcecode.c.objc; path = SocketIOTransportWebsocket.m; sourceTree = "<group>"; };
		019FC1B21C09A88A00956B9C /* SocketIOTransportXHR.h */ = {isa = PBXFileReference; fileEncoding = 4; lastKnownFileType = sourcecode.c.h; path = SocketIOTransportXHR.h; sourceTree = "<group>"; };
		019FC1B31C09A88A00956B9C /* SocketIOTransportXHR.m */ = {isa = PBXFileReference; fileEncoding = 4; lastKnownFileType = sourcecode.c.objc; path = SocketIOTransportXHR.m; sourceTree = "<group>"; };
		019FC1C61C09AC6500956B9C /* base64.c */ = {isa = PBXFileReference; fileEncoding = 4; lastKnownFileType = sourcecode.c.c; path = base64.c; sourceTree = "<group>"; };
		019FC1C71C09AC6500956B9C /* base64.h */ = {isa = PBXFileReference; fileEncoding = 4; lastKnownFileType = sourcecode.c.h; path = base64.h; sourceTree = "<group>"; };
		019FC1C81C09AC6500956B9C /* NSData+SRB64Additions.h */ = {isa = PBXFileReference; fileEncoding = 4; lastKnownFileType = sourcecode.c.h; path = "NSData+SRB64Additions.h"; sourceTree = "<group>"; };
		019FC1C91C09AC6500956B9C /* NSData+SRB64Additions.m */ = {isa = PBXFileReference; fileEncoding = 4; lastKnownFileType = sourcecode.c.objc; path = "NSData+SRB64Additions.m"; sourceTree = "<group>"; };
		019FC1CA1C09AC6500956B9C /* SocketRocket-Prefix.pch */ = {isa = PBXFileReference; fileEncoding = 4; lastKnownFileType = sourcecode.c.h; path = "SocketRocket-Prefix.pch"; sourceTree = "<group>"; };
		019FC1CB1C09AC6500956B9C /* SRWebSocket.h */ = {isa = PBXFileReference; fileEncoding = 4; lastKnownFileType = sourcecode.c.h; path = SRWebSocket.h; sourceTree = "<group>"; };
		019FC1CC1C09AC6500956B9C /* SRWebSocket.m */ = {isa = PBXFileReference; fileEncoding = 4; lastKnownFileType = sourcecode.c.objc; path = SRWebSocket.m; sourceTree = "<group>"; };
		019FC1D11C09CE8500956B9C /* RTCAudioSource.h */ = {isa = PBXFileReference; lastKnownFileType = sourcecode.c.h; path = RTCAudioSource.h; sourceTree = "<group>"; };
		019FC1D21C09CE8500956B9C /* RTCAudioTrack.h */ = {isa = PBXFileReference; lastKnownFileType = sourcecode.c.h; path = RTCAudioTrack.h; sourceTree = "<group>"; };
		019FC1D31C09CE8500956B9C /* RTCAVFoundationVideoSource.h */ = {isa = PBXFileReference; lastKnownFileType = sourcecode.c.h; path = RTCAVFoundationVideoSource.h; sourceTree = "<group>"; };
		019FC1D41C09CE8500956B9C /* RTCDataChannel.h */ = {isa = PBXFileReference; lastKnownFileType = sourcecode.c.h; path = RTCDataChannel.h; sourceTree = "<group>"; };
		019FC1D51C09CE8500956B9C /* RTCEAGLVideoView.h */ = {isa = PBXFileReference; lastKnownFileType = sourcecode.c.h; path = RTCEAGLVideoView.h; sourceTree = "<group>"; };
		019FC1D61C09CE8500956B9C /* RTCFileLogger.h */ = {isa = PBXFileReference; lastKnownFileType = sourcecode.c.h; path = RTCFileLogger.h; sourceTree = "<group>"; };
		019FC1D71C09CE8500956B9C /* RTCI420Frame.h */ = {isa = PBXFileReference; lastKnownFileType = sourcecode.c.h; path = RTCI420Frame.h; sourceTree = "<group>"; };
		019FC1D81C09CE8500956B9C /* RTCICECandidate.h */ = {isa = PBXFileReference; lastKnownFileType = sourcecode.c.h; path = RTCICECandidate.h; sourceTree = "<group>"; };
		019FC1D91C09CE8500956B9C /* RTCICEServer.h */ = {isa = PBXFileReference; lastKnownFileType = sourcecode.c.h; path = RTCICEServer.h; sourceTree = "<group>"; };
		019FC1DA1C09CE8500956B9C /* RTCLogging.h */ = {isa = PBXFileReference; lastKnownFileType = sourcecode.c.h; path = RTCLogging.h; sourceTree = "<group>"; };
		019FC1DB1C09CE8500956B9C /* RTCMediaConstraints.h */ = {isa = PBXFileReference; lastKnownFileType = sourcecode.c.h; path = RTCMediaConstraints.h; sourceTree = "<group>"; };
		019FC1DC1C09CE8500956B9C /* RTCMediaSource.h */ = {isa = PBXFileReference; lastKnownFileType = sourcecode.c.h; path = RTCMediaSource.h; sourceTree = "<group>"; };
		019FC1DD1C09CE8500956B9C /* RTCMediaStream.h */ = {isa = PBXFileReference; lastKnownFileType = sourcecode.c.h; path = RTCMediaStream.h; sourceTree = "<group>"; };
		019FC1DE1C09CE8500956B9C /* RTCMediaStreamTrack.h */ = {isa = PBXFileReference; lastKnownFileType = sourcecode.c.h; path = RTCMediaStreamTrack.h; sourceTree = "<group>"; };
		019FC1DF1C09CE8500956B9C /* RTCNSGLVideoView.h */ = {isa = PBXFileReference; lastKnownFileType = sourcecode.c.h; path = RTCNSGLVideoView.h; sourceTree = "<group>"; };
		019FC1E01C09CE8500956B9C /* RTCOpenGLVideoRenderer.h */ = {isa = PBXFileReference; lastKnownFileType = sourcecode.c.h; path = RTCOpenGLVideoRenderer.h; sourceTree = "<group>"; };
		019FC1E11C09CE8500956B9C /* RTCPair.h */ = {isa = PBXFileReference; lastKnownFileType = sourcecode.c.h; path = RTCPair.h; sourceTree = "<group>"; };
		019FC1E21C09CE8500956B9C /* RTCPeerConnection.h */ = {isa = PBXFileReference; lastKnownFileType = sourcecode.c.h; path = RTCPeerConnection.h; sourceTree = "<group>"; };
		019FC1E31C09CE8500956B9C /* RTCPeerConnectionDelegate.h */ = {isa = PBXFileReference; lastKnownFileType = sourcecode.c.h; path = RTCPeerConnectionDelegate.h; sourceTree = "<group>"; };
		019FC1E41C09CE8500956B9C /* RTCPeerConnectionFactory.h */ = {isa = PBXFileReference; lastKnownFileType = sourcecode.c.h; path = RTCPeerConnectionFactory.h; sourceTree = "<group>"; };
		019FC1E51C09CE8500956B9C /* RTCPeerConnectionInterface.h */ = {isa = PBXFileReference; lastKnownFileType = sourcecode.c.h; path = RTCPeerConnectionInterface.h; sourceTree = "<group>"; };
		019FC1E61C09CE8500956B9C /* RTCSessionDescription.h */ = {isa = PBXFileReference; lastKnownFileType = sourcecode.c.h; path = RTCSessionDescription.h; sourceTree = "<group>"; };
		019FC1E81C09CE8500956B9C /* RTCStatsDelegate.h */ = {isa = PBXFileReference; lastKnownFileType = sourcecode.c.h; path = RTCStatsDelegate.h; sourceTree = "<group>"; };
		019FC1E91C09CE8500956B9C /* RTCStatsReport.h */ = {isa = PBXFileReference; lastKnownFileType = sourcecode.c.h; path = RTCStatsReport.h; sourceTree = "<group>"; };
		019FC1EA1C09CE8500956B9C /* RTCTypes.h */ = {isa = PBXFileReference; lastKnownFileType = sourcecode.c.h; path = RTCTypes.h; sourceTree = "<group>"; };
		019FC1EB1C09CE8500956B9C /* RTCVideoCapturer.h */ = {isa = PBXFileReference; lastKnownFileType = sourcecode.c.h; path = RTCVideoCapturer.h; sourceTree = "<group>"; };
		019FC1EC1C09CE8500956B9C /* RTCVideoRenderer.h */ = {isa = PBXFileReference; lastKnownFileType = sourcecode.c.h; path = RTCVideoRenderer.h; sourceTree = "<group>"; };
		019FC1ED1C09CE8500956B9C /* RTCVideoSource.h */ = {isa = PBXFileReference; lastKnownFileType = sourcecode.c.h; path = RTCVideoSource.h; sourceTree = "<group>"; };
		019FC1EE1C09CE8500956B9C /* RTCVideoTrack.h */ = {isa = PBXFileReference; lastKnownFileType = sourcecode.c.h; path = RTCVideoTrack.h; sourceTree = "<group>"; };
		019FC1EF1C09CEF700956B9C /* libWebRTC.a */ = {isa = PBXFileReference; lastKnownFileType = archive.ar; path = libWebRTC.a; sourceTree = "<group>"; };
		019FC2371C0A76B600956B9C /* RTCSessionDescriptionDelegate.h */ = {isa = PBXFileReference; fileEncoding = 4; lastKnownFileType = sourcecode.c.h; path = RTCSessionDescriptionDelegate.h; sourceTree = "<group>"; };
/* End PBXFileReference section */

/* Begin PBXFrameworksBuildPhase section */
		019FC1501C09620300956B9C /* Frameworks */ = {
			isa = PBXFrameworksBuildPhase;
			buildActionMask = 2147483647;
			files = (
				019FC1A61C098D9C00956B9C /* libsqlite3.tbd in Frameworks */,
				019FC1A41C098D8C00956B9C /* QuartzCore.framework in Frameworks */,
				019FC1A21C098D8600956B9C /* OpenGLES.framework in Frameworks */,
				019FC1A01C098D7F00956B9C /* CoreGraphics.framework in Frameworks */,
				019FC19E1C098D7800956B9C /* CoreVideo.framework in Frameworks */,
				019FC19C1C098D7000956B9C /* CoreMedia.framework in Frameworks */,
				019FC19A1C098D6700956B9C /* CoreAudio.framework in Frameworks */,
				019FC1981C098D5B00956B9C /* AVFoundation.framework in Frameworks */,
				019FC1961C098D5500956B9C /* AudioToolbox.framework in Frameworks */,
				019FC2321C0A2AC800956B9C /* libWebRTC.a in Frameworks */,
				019FC1941C098D4D00956B9C /* libstdc++.6.tbd in Frameworks */,
				019FC1921C098D3B00956B9C /* GLKit.framework in Frameworks */,
				019FC1901C098D3100956B9C /* CFNetwork.framework in Frameworks */,
				019FC18E1C098D2700956B9C /* Security.framework in Frameworks */,
				019FC18C1C098D2000956B9C /* libicucore.tbd in Frameworks */,
				019FC18A1C098D1700956B9C /* libc++.tbd in Frameworks */,
			);
			runOnlyForDeploymentPostprocessing = 0;
		};
		019FC1691C09620300956B9C /* Frameworks */ = {
			isa = PBXFrameworksBuildPhase;
			buildActionMask = 2147483647;
			files = (
			);
			runOnlyForDeploymentPostprocessing = 0;
		};
		019FC1741C09620300956B9C /* Frameworks */ = {
			isa = PBXFrameworksBuildPhase;
			buildActionMask = 2147483647;
			files = (
			);
			runOnlyForDeploymentPostprocessing = 0;
		};
/* End PBXFrameworksBuildPhase section */

/* Begin PBXGroup section */
		019FC14A1C09620300956B9C = {
			isa = PBXGroup;
			children = (
				019FC1A51C098D9C00956B9C /* libsqlite3.tbd */,
				019FC1A31C098D8C00956B9C /* QuartzCore.framework */,
				019FC1A11C098D8600956B9C /* OpenGLES.framework */,
				019FC19F1C098D7F00956B9C /* CoreGraphics.framework */,
				019FC19D1C098D7800956B9C /* CoreVideo.framework */,
				019FC19B1C098D7000956B9C /* CoreMedia.framework */,
				019FC1991C098D6700956B9C /* CoreAudio.framework */,
				019FC1971C098D5B00956B9C /* AVFoundation.framework */,
				019FC1951C098D5500956B9C /* AudioToolbox.framework */,
				019FC1931C098D4D00956B9C /* libstdc++.6.tbd */,
				019FC1911C098D3B00956B9C /* GLKit.framework */,
				019FC18F1C098D3100956B9C /* CFNetwork.framework */,
				019FC18D1C098D2700956B9C /* Security.framework */,
				019FC18B1C098D2000956B9C /* libicucore.tbd */,
				019FC1891C098D1700956B9C /* libc++.tbd */,
				019FC1551C09620300956B9C /* WAT */,
				019FC16F1C09620300956B9C /* WATTests */,
				019FC17A1C09620300956B9C /* WATUITests */,
				019FC1541C09620300956B9C /* Products */,
			);
			sourceTree = "<group>";
		};
		019FC1541C09620300956B9C /* Products */ = {
			isa = PBXGroup;
			children = (
				019FC1531C09620300956B9C /* WAT.app */,
				019FC16C1C09620300956B9C /* WATTests.xctest */,
				019FC1771C09620300956B9C /* WATUITests.xctest */,
			);
			name = Products;
			sourceTree = "<group>";
		};
		019FC1551C09620300956B9C /* WAT */ = {
			isa = PBXGroup;
			children = (
				019FC1D01C09CCE700956B9C /* public */,
				019FC1A71C09A85A00956B9C /* SocketIO */,
				019FC1591C09620300956B9C /* AppDelegate.h */,
				019FC15A1C09620300956B9C /* AppDelegate.m */,
				019FC15C1C09620300956B9C /* ViewController.h */,
				019FC15D1C09620300956B9C /* ViewController.m */,
				019FC15F1C09620300956B9C /* Main.storyboard */,
				019FC1621C09620300956B9C /* Assets.xcassets */,
				019FC1641C09620300956B9C /* LaunchScreen.storyboard */,
				019FC1671C09620300956B9C /* Info.plist */,
				019FC1561C09620300956B9C /* Supporting Files */,
			);
			path = WAT;
			sourceTree = "<group>";
		};
		019FC1561C09620300956B9C /* Supporting Files */ = {
			isa = PBXGroup;
			children = (
				019FC1571C09620300956B9C /* main.m */,
			);
			name = "Supporting Files";
			sourceTree = "<group>";
		};
		019FC16F1C09620300956B9C /* WATTests */ = {
			isa = PBXGroup;
			children = (
				019FC1701C09620300956B9C /* WATTests.m */,
				019FC1721C09620300956B9C /* Info.plist */,
			);
			path = WATTests;
			sourceTree = "<group>";
		};
		019FC17A1C09620300956B9C /* WATUITests */ = {
			isa = PBXGroup;
			children = (
				019FC17B1C09620300956B9C /* WATUITests.m */,
				019FC17D1C09620300956B9C /* Info.plist */,
			);
			path = WATUITests;
			sourceTree = "<group>";
		};
		019FC1A71C09A85A00956B9C /* SocketIO */ = {
			isa = PBXGroup;
			children = (
				019FC1A81C09A88A00956B9C /* JSON-Framework */,
				019FC1A91C09A88A00956B9C /* SocketIO.h */,
				019FC1AA1C09A88A00956B9C /* SocketIO.m */,
				019FC1AB1C09A88A00956B9C /* SocketIOJSONSerialization.h */,
				019FC1AC1C09A88A00956B9C /* SocketIOJSONSerialization.m */,
				019FC1AD1C09A88A00956B9C /* SocketIOPacket.h */,
				019FC1AE1C09A88A00956B9C /* SocketIOPacket.m */,
				019FC1AF1C09A88A00956B9C /* SocketIOTransport.h */,
				019FC1B01C09A88A00956B9C /* SocketIOTransportWebsocket.h */,
				019FC1B11C09A88A00956B9C /* SocketIOTransportWebsocket.m */,
				019FC1B21C09A88A00956B9C /* SocketIOTransportXHR.h */,
				019FC1B31C09A88A00956B9C /* SocketIOTransportXHR.m */,
				019FC1C61C09AC6500956B9C /* base64.c */,
				019FC1C71C09AC6500956B9C /* base64.h */,
				019FC1C81C09AC6500956B9C /* NSData+SRB64Additions.h */,
				019FC1C91C09AC6500956B9C /* NSData+SRB64Additions.m */,
				019FC1CA1C09AC6500956B9C /* SocketRocket-Prefix.pch */,
				019FC1CB1C09AC6500956B9C /* SRWebSocket.h */,
				019FC1CC1C09AC6500956B9C /* SRWebSocket.m */,
			);
			name = SocketIO;
			sourceTree = "<group>";
		};
		019FC1D01C09CCE700956B9C /* public */ = {
			isa = PBXGroup;
			children = (
				019FC1EF1C09CEF700956B9C /* libWebRTC.a */,
				019FC1D11C09CE8500956B9C /* RTCAudioSource.h */,
				019FC1D21C09CE8500956B9C /* RTCAudioTrack.h */,
				019FC1D31C09CE8500956B9C /* RTCAVFoundationVideoSource.h */,
				019FC1D41C09CE8500956B9C /* RTCDataChannel.h */,
				019FC1D51C09CE8500956B9C /* RTCEAGLVideoView.h */,
				019FC1D61C09CE8500956B9C /* RTCFileLogger.h */,
				019FC2371C0A76B600956B9C /* RTCSessionDescriptionDelegate.h */,
				019FC1D71C09CE8500956B9C /* RTCI420Frame.h */,
				019FC1D81C09CE8500956B9C /* RTCICECandidate.h */,
				019FC1D91C09CE8500956B9C /* RTCICEServer.h */,
				019FC1DA1C09CE8500956B9C /* RTCLogging.h */,
				019FC1DB1C09CE8500956B9C /* RTCMediaConstraints.h */,
				019FC1DC1C09CE8500956B9C /* RTCMediaSource.h */,
				019FC1DD1C09CE8500956B9C /* RTCMediaStream.h */,
				019FC1DE1C09CE8500956B9C /* RTCMediaStreamTrack.h */,
				019FC1DF1C09CE8500956B9C /* RTCNSGLVideoView.h */,
				019FC1E01C09CE8500956B9C /* RTCOpenGLVideoRenderer.h */,
				019FC1E11C09CE8500956B9C /* RTCPair.h */,
				019FC1E21C09CE8500956B9C /* RTCPeerConnection.h */,
				019FC1E31C09CE8500956B9C /* RTCPeerConnectionDelegate.h */,
				019FC1E41C09CE8500956B9C /* RTCPeerConnectionFactory.h */,
				019FC1E51C09CE8500956B9C /* RTCPeerConnectionInterface.h */,
				019FC1E61C09CE8500956B9C /* RTCSessionDescription.h */,
				019FC1E81C09CE8500956B9C /* RTCStatsDelegate.h */,
				019FC1E91C09CE8500956B9C /* RTCStatsReport.h */,
				019FC1EA1C09CE8500956B9C /* RTCTypes.h */,
				019FC1EB1C09CE8500956B9C /* RTCVideoCapturer.h */,
				019FC1EC1C09CE8500956B9C /* RTCVideoRenderer.h */,
				019FC1ED1C09CE8500956B9C /* RTCVideoSource.h */,
				019FC1EE1C09CE8500956B9C /* RTCVideoTrack.h */,
			);
			name = public;
			sourceTree = "<group>";
		};
/* End PBXGroup section */

/* Begin PBXHeadersBuildPhase section */
		019FC1F21C0A123700956B9C /* Headers */ = {
			isa = PBXHeadersBuildPhase;
			buildActionMask = 2147483647;
			files = (
				019FC1F31C0A124600956B9C /* RTCAudioSource.h in Headers */,
				019FC2391C0A775100956B9C /* RTCSessionDescriptionDelegate.h in Headers */,
				019FC1F41C0A124600956B9C /* RTCAudioTrack.h in Headers */,
				019FC1F51C0A124600956B9C /* RTCAVFoundationVideoSource.h in Headers */,
				019FC1F61C0A124600956B9C /* RTCDataChannel.h in Headers */,
				019FC1F71C0A124600956B9C /* RTCEAGLVideoView.h in Headers */,
				019FC1F81C0A124600956B9C /* RTCFileLogger.h in Headers */,
				019FC1F91C0A124600956B9C /* RTCI420Frame.h in Headers */,
				019FC1FA1C0A124600956B9C /* RTCICECandidate.h in Headers */,
				019FC1FB1C0A124600956B9C /* RTCICEServer.h in Headers */,
				019FC2111C0A130C00956B9C /* AppDelegate.h in Headers */,
				019FC1FC1C0A124600956B9C /* RTCLogging.h in Headers */,
				019FC1FD1C0A124600956B9C /* RTCMediaConstraints.h in Headers */,
				019FC1FE1C0A124600956B9C /* RTCMediaSource.h in Headers */,
				019FC1FF1C0A124600956B9C /* RTCMediaStream.h in Headers */,
				019FC2001C0A124700956B9C /* RTCMediaStreamTrack.h in Headers */,
				019FC2011C0A124700956B9C /* RTCNSGLVideoView.h in Headers */,
				019FC2021C0A124700956B9C /* RTCOpenGLVideoRenderer.h in Headers */,
				019FC2031C0A124700956B9C /* RTCPair.h in Headers */,
				019FC2041C0A124700956B9C /* RTCPeerConnection.h in Headers */,
				019FC2051C0A124700956B9C /* RTCPeerConnectionDelegate.h in Headers */,
				019FC2061C0A124700956B9C /* RTCPeerConnectionFactory.h in Headers */,
				019FC2071C0A124700956B9C /* RTCPeerConnectionInterface.h in Headers */,
				019FC2081C0A124700956B9C /* RTCSessionDescription.h in Headers */,
				019FC2091C0A124700956B9C /* RTCStatsDelegate.h in Headers */,
				019FC20A1C0A124700956B9C /* RTCStatsReport.h in Headers */,
				019FC20B1C0A124700956B9C /* RTCTypes.h in Headers */,
				019FC20C1C0A124700956B9C /* RTCVideoCapturer.h in Headers */,
				019FC20D1C0A124700956B9C /* RTCVideoRenderer.h in Headers */,
				019FC20E1C0A124700956B9C /* RTCVideoSource.h in Headers */,
				019FC20F1C0A124700956B9C /* RTCVideoTrack.h in Headers */,
			);
			runOnlyForDeploymentPostprocessing = 0;
		};
/* End PBXHeadersBuildPhase section */

/* Begin PBXNativeTarget section */
		019FC1521C09620300956B9C /* WAT */ = {
			isa = PBXNativeTarget;
			buildConfigurationList = 019FC1801C09620300956B9C /* Build configuration list for PBXNativeTarget "WAT" */;
			buildPhases = (
				019FC14F1C09620300956B9C /* Sources */,
				019FC1501C09620300956B9C /* Frameworks */,
				019FC1511C09620300956B9C /* Resources */,
				019FC1F11C0A122E00956B9C /* CopyFiles */,
				019FC1F21C0A123700956B9C /* Headers */,
				019FC2311C0A2A4800956B9C /* CopyFiles */,
			);
			buildRules = (
			);
			dependencies = (
			);
			name = WAT;
			productName = WAT;
			productReference = 019FC1531C09620300956B9C /* WAT.app */;
			productType = "com.apple.product-type.application";
		};
		019FC16B1C09620300956B9C /* WATTests */ = {
			isa = PBXNativeTarget;
			buildConfigurationList = 019FC1831C09620300956B9C /* Build configuration list for PBXNativeTarget "WATTests" */;
			buildPhases = (
				019FC1681C09620300956B9C /* Sources */,
				019FC1691C09620300956B9C /* Frameworks */,
				019FC16A1C09620300956B9C /* Resources */,
			);
			buildRules = (
			);
			dependencies = (
				019FC16E1C09620300956B9C /* PBXTargetDependency */,
			);
			name = WATTests;
			productName = WATTests;
			productReference = 019FC16C1C09620300956B9C /* WATTests.xctest */;
			productType = "com.apple.product-type.bundle.unit-test";
		};
		019FC1761C09620300956B9C /* WATUITests */ = {
			isa = PBXNativeTarget;
			buildConfigurationList = 019FC1861C09620300956B9C /* Build configuration list for PBXNativeTarget "WATUITests" */;
			buildPhases = (
				019FC1731C09620300956B9C /* Sources */,
				019FC1741C09620300956B9C /* Frameworks */,
				019FC1751C09620300956B9C /* Resources */,
			);
			buildRules = (
			);
			dependencies = (
				019FC1791C09620300956B9C /* PBXTargetDependency */,
			);
			name = WATUITests;
			productName = WATUITests;
			productReference = 019FC1771C09620300956B9C /* WATUITests.xctest */;
			productType = "com.apple.product-type.bundle.ui-testing";
		};
/* End PBXNativeTarget section */

/* Begin PBXProject section */
		019FC14B1C09620300956B9C /* Project object */ = {
			isa = PBXProject;
			attributes = {
				LastUpgradeCheck = 0710;
				ORGANIZATIONNAME = joanne;
				TargetAttributes = {
					019FC1521C09620300956B9C = {
						CreatedOnToolsVersion = 7.1.1;
					};
					019FC16B1C09620300956B9C = {
						CreatedOnToolsVersion = 7.1.1;
						TestTargetID = 019FC1521C09620300956B9C;
					};
					019FC1761C09620300956B9C = {
						CreatedOnToolsVersion = 7.1.1;
						TestTargetID = 019FC1521C09620300956B9C;
					};
				};
			};
			buildConfigurationList = 019FC14E1C09620300956B9C /* Build configuration list for PBXProject "WAT" */;
			compatibilityVersion = "Xcode 3.2";
			developmentRegion = English;
			hasScannedForEncodings = 0;
			knownRegions = (
				en,
				Base,
			);
			mainGroup = 019FC14A1C09620300956B9C;
			productRefGroup = 019FC1541C09620300956B9C /* Products */;
			projectDirPath = "";
			projectRoot = "";
			targets = (
				019FC1521C09620300956B9C /* WAT */,
				019FC16B1C09620300956B9C /* WATTests */,
				019FC1761C09620300956B9C /* WATUITests */,
			);
		};
/* End PBXProject section */

/* Begin PBXResourcesBuildPhase section */
		019FC1511C09620300956B9C /* Resources */ = {
			isa = PBXResourcesBuildPhase;
			buildActionMask = 2147483647;
			files = (
				019FC1661C09620300956B9C /* LaunchScreen.storyboard in Resources */,
				019FC1631C09620300956B9C /* Assets.xcassets in Resources */,
				019FC1611C09620300956B9C /* Main.storyboard in Resources */,
				019FC1B51C09A88A00956B9C /* JSON-Framework in Resources */,
			);
			runOnlyForDeploymentPostprocessing = 0;
		};
		019FC16A1C09620300956B9C /* Resources */ = {
			isa = PBXResourcesBuildPhase;
			buildActionMask = 2147483647;
			files = (
			);
			runOnlyForDeploymentPostprocessing = 0;
		};
		019FC1751C09620300956B9C /* Resources */ = {
			isa = PBXResourcesBuildPhase;
			buildActionMask = 2147483647;
			files = (
			);
			runOnlyForDeploymentPostprocessing = 0;
		};
/* End PBXResourcesBuildPhase section */

/* Begin PBXSourcesBuildPhase section */
		019FC14F1C09620300956B9C /* Sources */ = {
			isa = PBXSourcesBuildPhase;
			buildActionMask = 2147483647;
			files = (
				019FC1CE1C09AC6500956B9C /* NSData+SRB64Additions.m in Sources */,
				019FC15E1C09620300956B9C /* ViewController.m in Sources */,
				019FC1BA1C09A88A00956B9C /* SocketIOTransportXHR.m in Sources */,
				019FC1B91C09A88A00956B9C /* SocketIOTransportWebsocket.m in Sources */,
				019FC15B1C09620300956B9C /* AppDelegate.m in Sources */,
				019FC1CF1C09AC6500956B9C /* SRWebSocket.m in Sources */,
				019FC1CD1C09AC6500956B9C /* base64.c in Sources */,
				019FC1B81C09A88A00956B9C /* SocketIOPacket.m in Sources */,
				019FC1B71C09A88A00956B9C /* SocketIOJSONSerialization.m in Sources */,
				019FC1B61C09A88A00956B9C /* SocketIO.m in Sources */,
				019FC1581C09620300956B9C /* main.m in Sources */,
			);
			runOnlyForDeploymentPostprocessing = 0;
		};
		019FC1681C09620300956B9C /* Sources */ = {
			isa = PBXSourcesBuildPhase;
			buildActionMask = 2147483647;
			files = (
				019FC1711C09620300956B9C /* WATTests.m in Sources */,
			);
			runOnlyForDeploymentPostprocessing = 0;
		};
		019FC1731C09620300956B9C /* Sources */ = {
			isa = PBXSourcesBuildPhase;
			buildActionMask = 2147483647;
			files = (
				019FC17C1C09620300956B9C /* WATUITests.m in Sources */,
			);
			runOnlyForDeploymentPostprocessing = 0;
		};
/* End PBXSourcesBuildPhase section */

/* Begin PBXTargetDependency section */
		019FC16E1C09620300956B9C /* PBXTargetDependency */ = {
			isa = PBXTargetDependency;
			target = 019FC1521C09620300956B9C /* WAT */;
			targetProxy = 019FC16D1C09620300956B9C /* PBXContainerItemProxy */;
		};
		019FC1791C09620300956B9C /* PBXTargetDependency */ = {
			isa = PBXTargetDependency;
			target = 019FC1521C09620300956B9C /* WAT */;
			targetProxy = 019FC1781C09620300956B9C /* PBXContainerItemProxy */;
		};
/* End PBXTargetDependency section */

/* Begin PBXVariantGroup section */
		019FC15F1C09620300956B9C /* Main.storyboard */ = {
			isa = PBXVariantGroup;
			children = (
				019FC1601C09620300956B9C /* Base */,
			);
			name = Main.storyboard;
			sourceTree = "<group>";
		};
		019FC1641C09620300956B9C /* LaunchScreen.storyboard */ = {
			isa = PBXVariantGroup;
			children = (
				019FC1651C09620300956B9C /* Base */,
			);
			name = LaunchScreen.storyboard;
			sourceTree = "<group>";
		};
/* End PBXVariantGroup section */

/* Begin XCBuildConfiguration section */
		019FC17E1C09620300956B9C /* Debug */ = {
			isa = XCBuildConfiguration;
			buildSettings = {
				ALWAYS_SEARCH_USER_PATHS = NO;
				CLANG_CXX_LANGUAGE_STANDARD = "gnu++0x";
				CLANG_CXX_LIBRARY = "libc++";
				CLANG_ENABLE_MODULES = YES;
				CLANG_ENABLE_OBJC_ARC = YES;
				CLANG_WARN_BOOL_CONVERSION = YES;
				CLANG_WARN_CONSTANT_CONVERSION = YES;
				CLANG_WARN_DIRECT_OBJC_ISA_USAGE = YES_ERROR;
				CLANG_WARN_EMPTY_BODY = YES;
				CLANG_WARN_ENUM_CONVERSION = YES;
				CLANG_WARN_INT_CONVERSION = YES;
				CLANG_WARN_OBJC_ROOT_CLASS = YES_ERROR;
				CLANG_WARN_UNREACHABLE_CODE = YES;
				CLANG_WARN__DUPLICATE_METHOD_MATCH = YES;
				"CODE_SIGN_IDENTITY[sdk=iphoneos*]" = "iPhone Developer";
				COPY_PHASE_STRIP = NO;
				DEBUG_INFORMATION_FORMAT = dwarf;
				ENABLE_STRICT_OBJC_MSGSEND = YES;
				ENABLE_TESTABILITY = YES;
				GCC_C_LANGUAGE_STANDARD = gnu99;
				GCC_DYNAMIC_NO_PIC = NO;
				GCC_NO_COMMON_BLOCKS = YES;
				GCC_OPTIMIZATION_LEVEL = 0;
				GCC_PREPROCESSOR_DEFINITIONS = (
					"DEBUG=1",
					"$(inherited)",
				);
				GCC_WARN_64_TO_32_BIT_CONVERSION = YES;
				GCC_WARN_ABOUT_RETURN_TYPE = YES_ERROR;
				GCC_WARN_UNDECLARED_SELECTOR = YES;
				GCC_WARN_UNINITIALIZED_AUTOS = YES_AGGRESSIVE;
				GCC_WARN_UNUSED_FUNCTION = YES;
				GCC_WARN_UNUSED_VARIABLE = YES;
				IPHONEOS_DEPLOYMENT_TARGET = 9.1;
				MTL_ENABLE_DEBUG_INFO = YES;
				ONLY_ACTIVE_ARCH = YES;
				SDKROOT = iphoneos;
				TARGETED_DEVICE_FAMILY = "1,2";
			};
			name = Debug;
		};
		019FC17F1C09620300956B9C /* Release */ = {
			isa = XCBuildConfiguration;
			buildSettings = {
				ALWAYS_SEARCH_USER_PATHS = NO;
				CLANG_CXX_LANGUAGE_STANDARD = "gnu++0x";
				CLANG_CXX_LIBRARY = "libc++";
				CLANG_ENABLE_MODULES = YES;
				CLANG_ENABLE_OBJC_ARC = YES;
				CLANG_WARN_BOOL_CONVERSION = YES;
				CLANG_WARN_CONSTANT_CONVERSION = YES;
				CLANG_WARN_DIRECT_OBJC_ISA_USAGE = YES_ERROR;
				CLANG_WARN_EMPTY_BODY = YES;
				CLANG_WARN_ENUM_CONVERSION = YES;
				CLANG_WARN_INT_CONVERSION = YES;
				CLANG_WARN_OBJC_ROOT_CLASS = YES_ERROR;
				CLANG_WARN_UNREACHABLE_CODE = YES;
				CLANG_WARN__DUPLICATE_METHOD_MATCH = YES;
				"CODE_SIGN_IDENTITY[sdk=iphoneos*]" = "iPhone Developer";
				COPY_PHASE_STRIP = NO;
				DEBUG_INFORMATION_FORMAT = "dwarf-with-dsym";
				ENABLE_NS_ASSERTIONS = NO;
				ENABLE_STRICT_OBJC_MSGSEND = YES;
				GCC_C_LANGUAGE_STANDARD = gnu99;
				GCC_NO_COMMON_BLOCKS = YES;
				GCC_WARN_64_TO_32_BIT_CONVERSION = YES;
				GCC_WARN_ABOUT_RETURN_TYPE = YES_ERROR;
				GCC_WARN_UNDECLARED_SELECTOR = YES;
				GCC_WARN_UNINITIALIZED_AUTOS = YES_AGGRESSIVE;
				GCC_WARN_UNUSED_FUNCTION = YES;
				GCC_WARN_UNUSED_VARIABLE = YES;
				IPHONEOS_DEPLOYMENT_TARGET = 9.1;
				MTL_ENABLE_DEBUG_INFO = NO;
				SDKROOT = iphoneos;
				TARGETED_DEVICE_FAMILY = "1,2";
				VALIDATE_PRODUCT = YES;
			};
			name = Release;
		};
		019FC1811C09620300956B9C /* Debug */ = {
			isa = XCBuildConfiguration;
			buildSettings = {
				ASSETCATALOG_COMPILER_APPICON_NAME = AppIcon;
				"FRAMEWORK_SEARCH_PATHS[arch=*]" = "$(PROJECT_DIR)/../public";
				"HEADER_SEARCH_PATHS[arch=*]" = "$(BUILT_PRODUCTS_DIR)";
				INFOPLIST_FILE = WAT/Info.plist;
				LD_RUNPATH_SEARCH_PATHS = "";
				LIBRARY_SEARCH_PATHS = /Users/frank/Desktop/tools/new;
				ONLY_ACTIVE_ARCH = NO;
				"OTHER_LDFLAGS[arch=*]" = "-stdlib=libstdc++";
				PRODUCT_BUNDLE_IDENTIFIER = jdeng.WAT;
				PRODUCT_NAME = "$(TARGET_NAME)";
				VALID_ARCHS = armv7;
			};
			name = Debug;
		};
		019FC1821C09620300956B9C /* Release */ = {
			isa = XCBuildConfiguration;
			buildSettings = {
				ASSETCATALOG_COMPILER_APPICON_NAME = AppIcon;
				"FRAMEWORK_SEARCH_PATHS[arch=*]" = "$(PROJECT_DIR)/../public";
				INFOPLIST_FILE = WAT/Info.plist;
				LD_RUNPATH_SEARCH_PATHS = "";
				LIBRARY_SEARCH_PATHS = /Users/frank/Desktop/tools/new;
				"OTHER_LDFLAGS[arch=*]" = "-lWebRTC";
				PRODUCT_BUNDLE_IDENTIFIER = jdeng.WAT;
				PRODUCT_NAME = "$(TARGET_NAME)";
				VALID_ARCHS = armv7;
			};
			name = Release;
		};
		019FC1841C09620300956B9C /* Debug */ = {
			isa = XCBuildConfiguration;
			buildSettings = {
				BUNDLE_LOADER = "$(TEST_HOST)";
				INFOPLIST_FILE = WATTests/Info.plist;
				LD_RUNPATH_SEARCH_PATHS = "$(inherited) @executable_path/Frameworks @loader_path/Frameworks";
				PRODUCT_BUNDLE_IDENTIFIER = jdeng.WATTests;
				PRODUCT_NAME = "$(TARGET_NAME)";
				TEST_HOST = "$(BUILT_PRODUCTS_DIR)/WAT.app/WAT";
			};
			name = Debug;
		};
		019FC1851C09620300956B9C /* Release */ = {
			isa = XCBuildConfiguration;
			buildSettings = {
				BUNDLE_LOADER = "$(TEST_HOST)";
				INFOPLIST_FILE = WATTests/Info.plist;
				LD_RUNPATH_SEARCH_PATHS = "$(inherited) @executable_path/Frameworks @loader_path/Frameworks";
				PRODUCT_BUNDLE_IDENTIFIER = jdeng.WATTests;
				PRODUCT_NAME = "$(TARGET_NAME)";
				TEST_HOST = "$(BUILT_PRODUCTS_DIR)/WAT.app/WAT";
			};
			name = Release;
		};
		019FC1871C09620300956B9C /* Debug */ = {
			isa = XCBuildConfiguration;
			buildSettings = {
				INFOPLIST_FILE = WATUITests/Info.plist;
				LD_RUNPATH_SEARCH_PATHS = "$(inherited) @executable_path/Frameworks @loader_path/Frameworks";
				PRODUCT_BUNDLE_IDENTIFIER = jdeng.WATUITests;
				PRODUCT_NAME = "$(TARGET_NAME)";
				TEST_TARGET_NAME = WAT;
				USES_XCTRUNNER = YES;
			};
			name = Debug;
		};
		019FC1881C09620300956B9C /* Release */ = {
			isa = XCBuildConfiguration;
			buildSettings = {
				INFOPLIST_FILE = WATUITests/Info.plist;
				LD_RUNPATH_SEARCH_PATHS = "$(inherited) @executable_path/Frameworks @loader_path/Frameworks";
				PRODUCT_BUNDLE_IDENTIFIER = jdeng.WATUITests;
				PRODUCT_NAME = "$(TARGET_NAME)";
				TEST_TARGET_NAME = WAT;
				USES_XCTRUNNER = YES;
			};
			name = Release;
		};
/* End XCBuildConfiguration section */

/* Begin XCConfigurationList section */
		019FC14E1C09620300956B9C /* Build configuration list for PBXProject "WAT" */ = {
			isa = XCConfigurationList;
			buildConfigurations = (
				019FC17E1C09620300956B9C /* Debug */,
				019FC17F1C09620300956B9C /* Release */,
			);
			defaultConfigurationIsVisible = 0;
			defaultConfigurationName = Release;
		};
		019FC1801C09620300956B9C /* Build configuration list for PBXNativeTarget "WAT" */ = {
			isa = XCConfigurationList;
			buildConfigurations = (
				019FC1811C09620300956B9C /* Debug */,
				019FC1821C09620300956B9C /* Release */,
			);
			defaultConfigurationIsVisible = 0;
			defaultConfigurationName = Release;
		};
		019FC1831C09620300956B9C /* Build configuration list for PBXNativeTarget "WATTests" */ = {
			isa = XCConfigurationList;
			buildConfigurations = (
				019FC1841C09620300956B9C /* Debug */,
				019FC1851C09620300956B9C /* Release */,
			);
			defaultConfigurationIsVisible = 0;
			defaultConfigurationName = Release;
		};
		019FC1861C09620300956B9C /* Build configuration list for PBXNativeTarget "WATUITests" */ = {
			isa = XCConfigurationList;
			buildConfigurations = (
				019FC1871C09620300956B9C /* Debug */,
				019FC1881C09620300956B9C /* Release */,
			);
			defaultConfigurationIsVisible = 0;
			defaultConfigurationName = Release;
		};
/* End XCConfigurationList section */
	};
	rootObject = 019FC14B1C09620300956B9C /* Project object */;
}
